# @generated - this file is auto-generated by `mise lock` https://mise.en.dev/dev-tools/mise-lock.html

[[tools.lefthook]]
version = "2.1.10"
backend = "aqua:evilmartians/lefthook"

[tools.lefthook."platforms.linux-x64"]
checksum = "sha256:0b14162a0bb2f0c64ae0759f6102f6e19c4d00981666a8ac73d4f5a6878ada4f"
url = "https://github.com/evilmartians/lefthook/releases/download/v2.1.10/lefthook_2.1.10_Linux_x86_64.gz"
provenance = "github-attestations"

[tools.lefthook."platforms.macos-arm64"]
checksum = "sha256:1dd4dc7b4c50efb1f9d9122cd6535c793738d6e59751c228d49f768ec9dbb604"
url = "https://github.com/evilmartians/lefthook/releases/download/v2.1.10/lefthook_2.1.10_MacOS_arm64.gz"
provenance = "github-attestations"

[tools.lefthook."platforms.macos-x64"]
checksum = "sha256:49d905f28ca46442cb236060058b252da650b5f7b864bd275b61aa46945e8c4a"
url = "https://github.com/evilmartians/lefthook/releases/download/v2.1.10/lefthook_2.1.10_MacOS_x86_64.gz"
provenance = "github-attestations"

[[tools.node]]
version = "22.22.2"
backend = "core:node"

[tools.node."platforms.linux-x64"]
checksum = "sha256:978978a635eef872fa68beae09f0aad0bbbae6757e444da80b570964a97e62a3"
url = "https://nodejs.org/dist/v22.22.2/node-v22.22.2-linux-x64.tar.gz"

[tools.node."platforms.macos-arm64"]
checksum = "sha256:db4b275b83736df67533529a18cc55de2549a8329ace6c7bcc68f8d22d3c9000"
url = "https://nodejs.org/dist/v22.22.2/node-v22.22.2-darwin-arm64.tar.gz"

[tools.node."platforms.macos-x64"]
checksum = "sha256:12a6abb9c2902cf48a21120da13f87fde1ed1b71a13330712949e8db818708ba"
url = "https://nodejs.org/dist/v22.22.2/node-v22.22.2-darwin-x64.tar.gz"

[[tools.osv-scanner]]
version = "2.4.0"
backend = "aqua:google/osv-scanner"

[tools.osv-scanner."platforms.linux-x64"]
checksum = "sha256:15314940c10d26af9c6649f150b8a47c1262e8fc7e17b1d1029b0e479e8ed8a0"
url = "https://github.com/google/osv-scanner/releases/download/v2.4.0/osv-scanner_linux_amd64"

[tools.osv-scanner."platforms.linux-x64".provenance.slsa]
url = "https://github.com/google/osv-scanner/releases/download/v2.4.0/multiple.intoto.jsonl"

[tools.osv-scanner."platforms.macos-arm64"]
checksum = "sha256:9ca3185ad63e9ab54f7cb90f46a7362be02d80e37f0123d095a54355ea202f5d"
url = "https://github.com/google/osv-scanner/releases/download/v2.4.0/osv-scanner_darwin_arm64"

[tools.osv-scanner."platforms.macos-arm64".provenance.slsa]
url = "https://github.com/google/osv-scanner/releases/download/v2.4.0/multiple.intoto.jsonl"

[tools.osv-scanner."platforms.macos-x64"]
checksum = "sha256:088119325156321c34c456ac3703d6013538fd71cbac82b891ab34db491e4d66"
url = "https://github.com/google/osv-scanner/releases/download/v2.4.0/osv-scanner_darwin_amd64"

[tools.osv-scanner."platforms.macos-x64".provenance.slsa]
url = "https://github.com/google/osv-scanner/releases/download/v2.4.0/multiple.intoto.jsonl"

[[tools.solidity]]
version = "0.8.35"
backend = "github:ethereum/solidity"

[tools.solidity."platforms.linux-x64"]
checksum = "sha256:fa8ac9a32d301ad023a36ee5a29f8e291fe3200c60244e43c142539e82a617f4"
url = "https://github.com/argotorg/solidity/releases/download/v0.8.35/solc-static-linux"
url_api = "https://api.github.com/repos/argotorg/solidity/releases/assets/408072771"

[tools.solidity."platforms.macos-arm64"]
checksum = "sha256:6e432580d973cae74c869ef4f737529e73fec5b200dce3c08d5e76c4a6b19159"
url = "https://github.com/argotorg/solidity/releases/download/v0.8.35/solc-macos"
url_api = "https://api.github.com/repos/argotorg/solidity/releases/assets/408072453"

[tools.solidity."platforms.macos-x64"]
checksum = "sha256:6e432580d973cae74c869ef4f737529e73fec5b200dce3c08d5e76c4a6b19159"
url = "https://github.com/argotorg/solidity/releases/download/v0.8.35/solc-macos"
url_api = "https://api.github.com/repos/argotorg/solidity/releases/assets/408072453"

[[tools.uv]]
version = "0.11.29"
backend = "aqua:astral-sh/uv"

[tools.uv."platforms.linux-x64"]
checksum = "sha256:46711858adb2a3acaa9cee00f9060688ad1fd5706aecc005b96a6a7f285a00b7"
url = "https://github.com/astral-sh/uv/releases/download/0.11.29/uv-x86_64-unknown-linux-musl.tar.gz"
provenance = "github-attestations"

[tools.uv."platforms.macos-arm64"]
checksum = "sha256:61c04acc52a33ef0f331e494bdfbedcdb6c26c6970c022ed3699e5860f8930e3"
url = "https://github.com/astral-sh/uv/releases/download/0.11.29/uv-aarch64-apple-darwin.tar.gz"
provenance = "github-attestations"

[tools.uv."platforms.macos-x64"]
checksum = "sha256:c4c4de482da9ccdd076dc4fb5cfe7b740609029385c72f58606be3153602387d"
url = "https://github.com/astral-sh/uv/releases/download/0.11.29/uv-x86_64-apple-darwin.tar.gz"
provenance = "github-attestations"

[[tools.z3]]
version = "z3-4.15.8"
backend = "github:Z3Prover/z3"

[tools.z3.options]
asset_pattern = "z3-*-x64-glibc-2.39.zip"

[tools.z3."platforms.linux-x64"]
checksum = "sha256:08a3312ef3a632c6e203c07ebdf19ef42f4975c1bd077e25501d204f674542fd"
url = "https://github.com/Z3Prover/z3/releases/download/z3-4.15.8/z3-4.15.8-x64-glibc-2.39.zip"
url_api = "https://api.github.com/repos/Z3Prover/z3/releases/assets/354982452"

[[tools.z3]]
version = "z3-4.15.8"
backend = "github:Z3Prover/z3"

[tools.z3.options]
asset_pattern = "z3-*-arm64-osx-*.zip"

[tools.z3."platforms.macos-arm64"]
checksum = "sha256:c7625db9c06480de2b753bc69a12fbd4ecec22c63e04aaed2f011184739f9b3b"
url = "https://github.com/Z3Prover/z3/releases/download/z3-4.15.8/z3-4.15.8-arm64-osx-15.7.3.zip"
url_api = "https://api.github.com/repos/Z3Prover/z3/releases/assets/354982458"

[[tools.z3]]
version = "z3-4.15.8"
backend = "github:Z3Prover/z3"

[tools.z3.options]
asset_pattern = "z3-*-x64-osx-*.zip"

[tools.z3."platforms.macos-x64"]
checksum = "sha256:0f5f61b30b1caddc6c6b0ecb2b2c71e4a99a65b4560010aa7ec9e3cdd8cc3778"
url = "https://github.com/Z3Prover/z3/releases/download/z3-4.15.8/z3-4.15.8-x64-osx-15.7.3.zip"
url_api = "https://api.github.com/repos/Z3Prover/z3/releases/assets/354982477"
